
Microsoft Visual Studio Solution File, Format Version 12.00
# Visual Studio 15
VisualStudioVersion = 15.0.27428.2037
MinimumVisualStudioVersion = 10.0.40219.1
Project("{FAE04EC0-301F-11D3-BF4B-00C04F79EFBC}") = "AmbrosiaLongevity", "AmbrosiaLongevity\AmbrosiaLongevity.csproj", "{AA5942FD-92EE-46A8-8928-51B8C2D468F7}"
EndProject
Global
	GlobalSection(SolutionConfigurationPlatforms) = preSolution
		Debug|Any CPU = Debug|Any CPU
		Release|Any CPU = Release|Any CPU
	EndGlobalSection
	GlobalSection(ProjectConfigurationPlatforms) = postSolution
		{AA5942FD-92EE-46A8-8928-51B8C2D468F7}.Debug|Any CPU.ActiveCfg = Debug|Any CPU
		{AA5942FD-92EE-46A8-8928-51B8C2D468F7}.Debug|Any CPU.Build.0 = Debug|Any CPU
		{AA5942FD-92EE-46A8-8928-51B8C2D468F7}.Release|Any CPU.ActiveCfg = Release|Any CPU
		{AA5942FD-92EE-46A8-8928-51B8C2D468F7}.Release|Any CPU.Build.0 = Release|Any CPU
	EndGlobalSection
	GlobalSection(SolutionProperties) = preSolution
		HideSolutionNode = FALSE
	EndGlobalSection
	GlobalSection(ExtensibilityGlobals) = postSolution
		SolutionGuid = {4B8834F5-4348-45E5-8EFE-9244CD44F81E}
	EndGlobalSection
EndGlobal
